
Microsoft Visual Studio Solution File, Format Version 12.00
# Visual Studio Version 17
VisualStudioVersion = 17.14.36915.13 d17.14
MinimumVisualStudioVersion = 10.0.40219.1
Project("{FAE04EC0-301F-11D3-BF4B-00C04F79EFBC}") = "Part1", "Part1.csproj", "{1C4E2ED1-08AB-497F-9DCE-E4A3CE166F44}"
EndProject
Global
	GlobalSection(SolutionConfigurationPlatforms) = preSolution
		Debug|Any CPU = Debug|Any CPU
		Release|Any CPU = Release|Any CPU
	EndGlobalSection
	GlobalSection(ProjectConfigurationPlatforms) = postSolution
		{1C4E2ED1-08AB-497F-9DCE-E4A3CE166F44}.Debug|Any CPU.ActiveCfg = Debug|Any CPU
		{1C4E2ED1-08AB-497F-9DCE-E4A3CE166F44}.Debug|Any CPU.Build.0 = Debug|Any CPU
		{1C4E2ED1-08AB-497F-9DCE-E4A3CE166F44}.Release|Any CPU.ActiveCfg = Release|Any CPU
		{1C4E2ED1-08AB-497F-9DCE-E4A3CE166F44}.Release|Any CPU.Build.0 = Release|Any CPU
	EndGlobalSection
	GlobalSection(SolutionProperties) = preSolution
		HideSolutionNode = FALSE
	EndGlobalSection
	GlobalSection(ExtensibilityGlobals) = postSolution
		SolutionGuid = {3CF1C9F9-3963-4795-919E-043CE324D5F5}
	EndGlobalSection
EndGlobal
